
Microsoft Visual Studio Solution File, Format Version 12.00
# Visual Studio Version 16
VisualStudioVersion = 16.0.32802.440
MinimumVisualStudioVersion = 10.0.40219.1
Project("{FAE04EC0-301F-11D3-BF4B-00C04F79EFBC}") = "FinalApp", "FinalApp\FinalApp.csproj", "{603D2606-E74E-4A1C-9E17-B67228698C14}"
EndProject
Global
	GlobalSection(SolutionConfigurationPlatforms) = preSolution
		Debug|Any CPU = Debug|Any CPU
		Release|Any CPU = Release|Any CPU
	EndGlobalSection
	GlobalSection(ProjectConfigurationPlatforms) = postSolution
		{603D2606-E74E-4A1C-9E17-B67228698C14}.Debug|Any CPU.ActiveCfg = Debug|Any CPU
		{603D2606-E74E-4A1C-9E17-B67228698C14}.Debug|Any CPU.Build.0 = Debug|Any CPU
		{603D2606-E74E-4A1C-9E17-B67228698C14}.Release|Any CPU.ActiveCfg = Release|Any CPU
		{603D2606-E74E-4A1C-9E17-B67228698C14}.Release|Any CPU.Build.0 = Release|Any CPU
	EndGlobalSection
	GlobalSection(SolutionProperties) = preSolution
		HideSolutionNode = FALSE
	EndGlobalSection
	GlobalSection(ExtensibilityGlobals) = postSolution
		SolutionGuid = {ED51BD19-AA86-461D-A296-672E46392482}
	EndGlobalSection
EndGlobal
